
Microsoft Visual Studio Solution File, Format Version 12.00
# Visual Studio Version 16
VisualStudioVersion = 16.0.30804.86
MinimumVisualStudioVersion = 10.0.40219.1
Project("{FAE04EC0-301F-11D3-BF4B-00C04F79EFBC}") = "server", "server.csproj", "{395A2587-CB4F-4E0A-8E0D-3C7F715C718A}"
EndProject
Project("{FAE04EC0-301F-11D3-BF4B-00C04F79EFBC}") = "Client", "..\Client\Client.csproj", "{450F835A-4112-46E5-BE92-45B8A4DEB966}"
EndProject
Global
	GlobalSection(SolutionConfigurationPlatforms) = preSolution
		Debug|Any CPU = Debug|Any CPU
		Release|Any CPU = Release|Any CPU
	EndGlobalSection
	GlobalSection(ProjectConfigurationPlatforms) = postSolution
		{395A2587-CB4F-4E0A-8E0D-3C7F715C718A}.Debug|Any CPU.ActiveCfg = Debug|Any CPU
		{395A2587-CB4F-4E0A-8E0D-3C7F715C718A}.Debug|Any CPU.Build.0 = Debug|Any CPU
		{395A2587-CB4F-4E0A-8E0D-3C7F715C718A}.Release|Any CPU.ActiveCfg = Release|Any CPU
		{395A2587-CB4F-4E0A-8E0D-3C7F715C718A}.Release|Any CPU.Build.0 = Release|Any CPU
		{450F835A-4112-46E5-BE92-45B8A4DEB966}.Debug|Any CPU.ActiveCfg = Debug|Any CPU
		{450F835A-4112-46E5-BE92-45B8A4DEB966}.Debug|Any CPU.Build.0 = Debug|Any CPU
		{450F835A-4112-46E5-BE92-45B8A4DEB966}.Release|Any CPU.ActiveCfg = Release|Any CPU
		{450F835A-4112-46E5-BE92-45B8A4DEB966}.Release|Any CPU.Build.0 = Release|Any CPU
	EndGlobalSection
	GlobalSection(SolutionProperties) = preSolution
		HideSolutionNode = FALSE
	EndGlobalSection
	GlobalSection(ExtensibilityGlobals) = postSolution
		SolutionGuid = {6BDC5838-F957-473B-A028-A9520B8DF5B6}
	EndGlobalSection
EndGlobal
